
Microsoft Visual Studio Solution File, Format Version 12.00
Project("{FAE04EC0-301F-11D3-BF4B-00C04F79EFBC}") = "Shared.Domain", "Shared.Domain\Shared.Domain.csproj", "{0A3EA8BD-0AA6-44F5-923B-227D1EAFADE3}"
EndProject
Project("{FAE04EC0-301F-11D3-BF4B-00C04F79EFBC}") = "Shared.Extensions", "Shared.Extensions\Shared.Extensions.csproj", "{FDC456BD-330E-4784-A41A-F82C53C9FD3C}"
EndProject
Global
	GlobalSection(SolutionConfigurationPlatforms) = preSolution
		Debug|Any CPU = Debug|Any CPU
		Release|Any CPU = Release|Any CPU
	EndGlobalSection
	GlobalSection(ProjectConfigurationPlatforms) = postSolution
		{0A3EA8BD-0AA6-44F5-923B-227D1EAFADE3}.Debug|Any CPU.ActiveCfg = Debug|Any CPU
		{0A3EA8BD-0AA6-44F5-923B-227D1EAFADE3}.Debug|Any CPU.Build.0 = Debug|Any CPU
		{0A3EA8BD-0AA6-44F5-923B-227D1EAFADE3}.Release|Any CPU.ActiveCfg = Release|Any CPU
		{0A3EA8BD-0AA6-44F5-923B-227D1EAFADE3}.Release|Any CPU.Build.0 = Release|Any CPU
		{FDC456BD-330E-4784-A41A-F82C53C9FD3C}.Debug|Any CPU.ActiveCfg = Debug|Any CPU
		{FDC456BD-330E-4784-A41A-F82C53C9FD3C}.Debug|Any CPU.Build.0 = Debug|Any CPU
		{FDC456BD-330E-4784-A41A-F82C53C9FD3C}.Release|Any CPU.ActiveCfg = Release|Any CPU
		{FDC456BD-330E-4784-A41A-F82C53C9FD3C}.Release|Any CPU.Build.0 = Release|Any CPU
	EndGlobalSection
EndGlobal
