
Microsoft Visual Studio Solution File, Format Version 12.00
Project("{FAE04EC0-301F-11D3-BF4B-00C04F79EFBC}") = "Api", "Api\Api.csproj", "{446D1C25-A92B-4E29-933E-FC06733E69CC}"
EndProject
Project("{FAE04EC0-301F-11D3-BF4B-00C04F79EFBC}") = "Infra.MongoDb", "Infra.MongoDb\Infra.MongoDb.csproj", "{A32A95A8-1626-43A5-B20D-DAE2EC8737FF}"
EndProject
Project("{FAE04EC0-301F-11D3-BF4B-00C04F79EFBC}") = "Shared.Extensions", "..\nesprex-shared\Shared.Extensions\Shared.Extensions.csproj", "{64B2EA54-B58E-4D25-A831-8D397C2470A5}"
EndProject
Project("{FAE04EC0-301F-11D3-BF4B-00C04F79EFBC}") = "Shared.Domain", "..\nesprex-shared\Shared.Domain\Shared.Domain.csproj", "{E2391EBD-7F50-427C-9A4A-4B5F7ABB531A}"
EndProject
Project("{2150E333-8FDC-42A3-9474-1A3956D46DE8}") = "src", "src", "{38CD8D05-0A85-47F4-BB08-EE0658EB9C37}"
EndProject
Project("{2150E333-8FDC-42A3-9474-1A3956D46DE8}") = "tests", "tests", "{795377A6-61E8-443F-88E1-5FCA46348B54}"
EndProject
Project("{FAE04EC0-301F-11D3-BF4B-00C04F79EFBC}") = "Api.UnitTests", "Api.UnitTests\Api.UnitTests.csproj", "{F31766FC-51CC-4BAF-A4AA-D7467CE854AA}"
EndProject
Project("{FAE04EC0-301F-11D3-BF4B-00C04F79EFBC}") = "Application", "Application\Application.csproj", "{26FD7E6D-C092-48F8-BD58-195E7F6BB20F}"
EndProject
Global
	GlobalSection(SolutionConfigurationPlatforms) = preSolution
		Debug|Any CPU = Debug|Any CPU
		Release|Any CPU = Release|Any CPU
	EndGlobalSection
	GlobalSection(ProjectConfigurationPlatforms) = postSolution
		{446D1C25-A92B-4E29-933E-FC06733E69CC}.Debug|Any CPU.ActiveCfg = Debug|Any CPU
		{446D1C25-A92B-4E29-933E-FC06733E69CC}.Debug|Any CPU.Build.0 = Debug|Any CPU
		{446D1C25-A92B-4E29-933E-FC06733E69CC}.Release|Any CPU.ActiveCfg = Release|Any CPU
		{446D1C25-A92B-4E29-933E-FC06733E69CC}.Release|Any CPU.Build.0 = Release|Any CPU
		{A32A95A8-1626-43A5-B20D-DAE2EC8737FF}.Debug|Any CPU.ActiveCfg = Debug|Any CPU
		{A32A95A8-1626-43A5-B20D-DAE2EC8737FF}.Debug|Any CPU.Build.0 = Debug|Any CPU
		{A32A95A8-1626-43A5-B20D-DAE2EC8737FF}.Release|Any CPU.ActiveCfg = Release|Any CPU
		{A32A95A8-1626-43A5-B20D-DAE2EC8737FF}.Release|Any CPU.Build.0 = Release|Any CPU
		{64B2EA54-B58E-4D25-A831-8D397C2470A5}.Debug|Any CPU.ActiveCfg = Debug|Any CPU
		{64B2EA54-B58E-4D25-A831-8D397C2470A5}.Debug|Any CPU.Build.0 = Debug|Any CPU
		{64B2EA54-B58E-4D25-A831-8D397C2470A5}.Release|Any CPU.ActiveCfg = Release|Any CPU
		{64B2EA54-B58E-4D25-A831-8D397C2470A5}.Release|Any CPU.Build.0 = Release|Any CPU
		{E2391EBD-7F50-427C-9A4A-4B5F7ABB531A}.Debug|Any CPU.ActiveCfg = Debug|Any CPU
		{E2391EBD-7F50-427C-9A4A-4B5F7ABB531A}.Debug|Any CPU.Build.0 = Debug|Any CPU
		{E2391EBD-7F50-427C-9A4A-4B5F7ABB531A}.Release|Any CPU.ActiveCfg = Release|Any CPU
		{E2391EBD-7F50-427C-9A4A-4B5F7ABB531A}.Release|Any CPU.Build.0 = Release|Any CPU
		{F31766FC-51CC-4BAF-A4AA-D7467CE854AA}.Debug|Any CPU.ActiveCfg = Debug|Any CPU
		{F31766FC-51CC-4BAF-A4AA-D7467CE854AA}.Debug|Any CPU.Build.0 = Debug|Any CPU
		{F31766FC-51CC-4BAF-A4AA-D7467CE854AA}.Release|Any CPU.ActiveCfg = Release|Any CPU
		{F31766FC-51CC-4BAF-A4AA-D7467CE854AA}.Release|Any CPU.Build.0 = Release|Any CPU
		{26FD7E6D-C092-48F8-BD58-195E7F6BB20F}.Debug|Any CPU.ActiveCfg = Debug|Any CPU
		{26FD7E6D-C092-48F8-BD58-195E7F6BB20F}.Debug|Any CPU.Build.0 = Debug|Any CPU
		{26FD7E6D-C092-48F8-BD58-195E7F6BB20F}.Release|Any CPU.ActiveCfg = Release|Any CPU
		{26FD7E6D-C092-48F8-BD58-195E7F6BB20F}.Release|Any CPU.Build.0 = Release|Any CPU
	EndGlobalSection
	GlobalSection(NestedProjects) = preSolution
		{446D1C25-A92B-4E29-933E-FC06733E69CC} = {38CD8D05-0A85-47F4-BB08-EE0658EB9C37}
		{A32A95A8-1626-43A5-B20D-DAE2EC8737FF} = {38CD8D05-0A85-47F4-BB08-EE0658EB9C37}
		{E2391EBD-7F50-427C-9A4A-4B5F7ABB531A} = {38CD8D05-0A85-47F4-BB08-EE0658EB9C37}
		{64B2EA54-B58E-4D25-A831-8D397C2470A5} = {38CD8D05-0A85-47F4-BB08-EE0658EB9C37}
		{F31766FC-51CC-4BAF-A4AA-D7467CE854AA} = {795377A6-61E8-443F-88E1-5FCA46348B54}
		{26FD7E6D-C092-48F8-BD58-195E7F6BB20F} = {38CD8D05-0A85-47F4-BB08-EE0658EB9C37}
	EndGlobalSection
EndGlobal
